
Microsoft Visual Studio Solution File, Format Version 12.00
# Visual Studio 15
VisualStudioVersion = 15.0.26730.16
MinimumVisualStudioVersion = 10.0.40219.1
Project("{2150E333-8FDC-42A3-9474-1A3956D46DE8}") = ".paket", ".paket", "{2A3D546A-5458-472B-A3ED-BDBA87D980EB}"
	ProjectSection(SolutionItems) = preProject
		paket.dependencies = paket.dependencies
	EndProjectSection
EndProject
Project("{F2A71F9B-5D33-465A-A702-920D77279786}") = "ConsoleApplication3", "ConsoleApplication3\ConsoleApplication3.fsproj", "{B383FCB6-1229-417D-A8B0-0BFD346349FB}"
EndProject
Global
	GlobalSection(SolutionConfigurationPlatforms) = preSolution
		Debug|Any CPU = Debug|Any CPU
		Release|Any CPU = Release|Any CPU
	EndGlobalSection
	GlobalSection(ProjectConfigurationPlatforms) = postSolution
		{B383FCB6-1229-417D-A8B0-0BFD346349FB}.Debug|Any CPU.ActiveCfg = Debug|Any CPU
		{B383FCB6-1229-417D-A8B0-0BFD346349FB}.Debug|Any CPU.Build.0 = Debug|Any CPU
		{B383FCB6-1229-417D-A8B0-0BFD346349FB}.Release|Any CPU.ActiveCfg = Release|Any CPU
		{B383FCB6-1229-417D-A8B0-0BFD346349FB}.Release|Any CPU.Build.0 = Release|Any CPU
	EndGlobalSection
	GlobalSection(SolutionProperties) = preSolution
		HideSolutionNode = FALSE
	EndGlobalSection
	GlobalSection(ExtensibilityGlobals) = postSolution
		SolutionGuid = {5900B4DF-7376-49ED-A30D-2D377D8A1635}
	EndGlobalSection
EndGlobal
